// !$*UTF8*$!
{
	archiveVersion = 1;
	classes = {
	};
	objectVersion = 46;
	objects = {

/* Begin PBXBuildFile section */
		269AFA771F746BFD005F1473 /* AppDelegate.swift in Sources */ = {isa = PBXBuildFile; fileRef = 269AFA761F746BFD005F1473 /* AppDelegate.swift */; };
		269AFA791F746BFD005F1473 /* ViewController.swift in Sources */ = {isa = PBXBuildFile; fileRef = 269AFA781F746BFD005F1473 /* ViewController.swift */; };
		269AFA7C1F746BFD005F1473 /* Main.storyboard in Resources */ = {isa = PBXBuildFile; fileRef = 269AFA7A1F746BFD005F1473 /* Main.storyboard */; };
		269AFA7E1F746BFD005F1473 /* Assets.xcassets in Resources */ = {isa = PBXBuildFile; fileRef = 269AFA7D1F746BFD005F1473 /* Assets.xcassets */; };
		269AFA811F746BFE005F1473 /* LaunchScreen.storyboard in Resources */ = {isa = PBXBuildFile; fileRef = 269AFA7F1F746BFE005F1473 /* LaunchScreen.storyboard */; };
/* End PBXBuildFile section */

/* Begin PBXFileReference section */
		269AFA731F746BFC005F1473 /* TextFields2.app */ = {isa = PBXFileReference; explicitFileType = wrapper.application; includeInIndex = 0; path = TextFields2.app; sourceTree = BUILT_PRODUCTS_DIR; };
		269AFA761F746BFD005F1473 /* AppDelegate.swift */ = {isa = PBXFileReference; lastKnownFileType = sourcecode.swift; path = AppDelegate.swift; sourceTree = "<group>"; };
		269AFA781F746BFD005F1473 /* ViewController.swift */ = {isa = PBXFileReference; lastKnownFileType = sourcecode.swift; path = ViewController.swift; sourceTree = "<group>"; };
		269AFA7B1F746BFD005F1473 /* Base */ = {isa = PBXFileReference; lastKnownFileType = file.storyboard; name = Base; path = Base.lproj/Main.storyboard; sourceTree = "<group>"; };
		269AFA7D1F746BFD005F1473 /* Assets.xcassets */ = {isa = PBXFileReference; lastKnownFileType = folder.assetcatalog; path = Assets.xcassets; sourceTree = "<group>"; };
		269AFA801F746BFE005F1473 /* Base */ = {isa = PBXFileReference; lastKnownFileType = file.storyboard; name = Base; path = Base.lproj/LaunchScreen.storyboard; sourceTree = "<group>"; };
		269AFA821F746BFE005F1473 /* Info.plist */ = {isa = PBXFileReference; lastKnownFileType = text.plist.xml; path = Info.plist; sourceTree = "<group>"; };
/* End PBXFileReference section */

/* Begin PBXFrameworksBuildPhase section */
		269AFA701F746BFC005F1473 /* Frameworks */ = {
			isa = PBXFrameworksBuildPhase;
			buildActionMask = 2147483647;
			files = (
			);
			runOnlyForDeploymentPostprocessing = 0;
		};
/* End PBXFrameworksBuildPhase section */

/* Begin PBXGroup section */
		269AFA6A1F746BFC005F1473 = {
			isa = PBXGroup;
			children = (
				269AFA751F746BFC005F1473 /* TextFields2 */,
				269AFA741F746BFC005F1473 /* Products */,
			);
			sourceTree = "<group>";
		};
		269AFA741F746BFC005F1473 /* Products */ = {
			isa = PBXGroup;
			children = (
				269AFA731F746BFC005F1473 /* TextFields2.app */,
			);
			name = Products;
			sourceTree = "<group>";
		};
		269AFA751F746BFC005F1473 /* TextFields2 */ = {
			isa = PBXGroup;
			children = (
				269AFA761F746BFD005F1473 /* AppDelegate.swift */,
				269AFA781F746BFD005F1473 /* ViewController.swift */,
				269AFA7A1F746BFD005F1473 /* Main.storyboard */,
				269AFA7D1F746BFD005F1473 /* Assets.xcassets */,
				269AFA7F1F746BFE005F1473 /* LaunchScreen.storyboard */,
				269AFA821F746BFE005F1473 /* Info.plist */,
			);
			path = TextFields2;
			sourceTree = "<group>";
		};
/* End PBXGroup section */

/* Begin PBXNativeTarget section */
		269AFA721F746BFC005F1473 /* TextFields2 */ = {
			isa = PBXNativeTarget;
			buildConfigurationList = 269AFA851F746BFE005F1473 /* Build configuration list for PBXNativeTarget "TextFields2" */;
			buildPhases = (
				269AFA6F1F746BFC005F1473 /* Sources */,
				269AFA701F746BFC005F1473 /* Frameworks */,
				269AFA711F746BFC005F1473 /* Resources */,
			);
			buildRules = (
			);
			dependencies = (
			);
			name = TextFields2;
			productName = TextFields2;
			productReference = 269AFA731F746BFC005F1473 /* TextFields2.app */;
			productType = "com.apple.product-type.application";
		};
/* End PBXNativeTarget section */

/* Begin PBXProject section */
		269AFA6B1F746BFC005F1473 /* Project object */ = {
			isa = PBXProject;
			attributes = {
				LastUpgradeCheck = 0700;
				ORGANIZATIONNAME = OnkySoft;
				TargetAttributes = {
					269AFA721F746BFC005F1473 = {
						CreatedOnToolsVersion = 7.0;
					};
				};
			};
			buildConfigurationList = 269AFA6E1F746BFC005F1473 /* Build configuration list for PBXProject "TextFields2" */;
			compatibilityVersion = "Xcode 3.2";
			developmentRegion = English;
			hasScannedForEncodings = 0;
			knownRegions = (
				en,
				Base,
			);
			mainGroup = 269AFA6A1F746BFC005F1473;
			productRefGroup = 269AFA741F746BFC005F1473 /* Products */;
			projectDirPath = "";
			projectRoot = "";
			targets = (
				269AFA721F746BFC005F1473 /* TextFields2 */,
			);
		};
/* End PBXProject section */

/* Begin PBXResourcesBuildPhase section */
		269AFA711F746BFC005F1473 /* Resources */ = {
			isa = PBXResourcesBuildPhase;
			buildActionMask = 2147483647;
			files = (
				269AFA811F746BFE005F1473 /* LaunchScreen.storyboard in Resources */,
				269AFA7E1F746BFD005F1473 /* Assets.xcassets in Resources */,
				269AFA7C1F746BFD005F1473 /* Main.storyboard in Resources */,
			);
			runOnlyForDeploymentPostprocessing = 0;
		};
/* End PBXResourcesBuildPhase section */

/* Begin PBXSourcesBuildPhase section */
		269AFA6F1F746BFC005F1473 /* Sources */ = {
			isa = PBXSourcesBuildPhase;
			buildActionMask = 2147483647;
			files = (
				269AFA791F746BFD005F1473 /* ViewController.swift in Sources */,
				269AFA771F746BFD005F1473 /* AppDelegate.swift in Sources */,
			);
			runOnlyForDeploymentPostprocessing = 0;
		};
/* End PBXSourcesBuildPhase section */

/* Begin PBXVariantGroup section */
		269AFA7A1F746BFD005F1473 /* Main.storyboard */ = {
			isa = PBXVariantGroup;
			children = (
				269AFA7B1F746BFD005F1473 /* Base */,
			);
			name = Main.storyboard;
			sourceTree = "<group>";
		};
		269AFA7F1F746BFE005F1473 /* LaunchScreen.storyboard */ = {
			isa = PBXVariantGroup;
			children = (
				269AFA801F746BFE005F1473 /* Base */,
			);
			name = LaunchScreen.storyboard;
			sourceTree = "<group>";
		};
/* End PBXVariantGroup section */

/* Begin XCBuildConfiguration section */
		269AFA831F746BFE005F1473 /* Debug */ = {
			isa = XCBuildConfiguration;
			buildSettings = {
				ALWAYS_SEARCH_USER_PATHS = NO;
				CLANG_CXX_LANGUAGE_STANDARD = "gnu++0x";
				CLANG_CXX_LIBRARY = "libc++";
				CLANG_ENABLE_MODULES = YES;
				CLANG_ENABLE_OBJC_ARC = YES;
				CLANG_WARN_BOOL_CONVERSION = YES;
				CLANG_WARN_CONSTANT_CONVERSION = YES;
				CLANG_WARN_DIRECT_OBJC_ISA_USAGE = YES_ERROR;
				CLANG_WARN_EMPTY_BODY = YES;
				CLANG_WARN_ENUM_CONVERSION = YES;
				CLANG_WARN_INT_CONVERSION = YES;
				CLANG_WARN_OBJC_ROOT_CLASS = YES_ERROR;
				CLANG_WARN_UNREACHABLE_CODE = YES;
				CLANG_WARN__DUPLICATE_METHOD_MATCH = YES;
				"CODE_SIGN_IDENTITY[sdk=iphoneos*]" = "iPhone Developer";
				COPY_PHASE_STRIP = NO;
				DEBUG_INFORMATION_FORMAT = dwarf;
				ENABLE_STRICT_OBJC_MSGSEND = YES;
				ENABLE_TESTABILITY = YES;
				GCC_C_LANGUAGE_STANDARD = gnu99;
				GCC_DYNAMIC_NO_PIC = NO;
				GCC_NO_COMMON_BLOCKS = YES;
				GCC_OPTIMIZATION_LEVEL = 0;
				GCC_PREPROCESSOR_DEFINITIONS = (
					"DEBUG=1",
					"$(inherited)",
				);
				GCC_WARN_64_TO_32_BIT_CONVERSION = YES;
				GCC_WARN_ABOUT_RETURN_TYPE = YES_ERROR;
				GCC_WARN_UNDECLARED_SELECTOR = YES;
				GCC_WARN_UNINITIALIZED_AUTOS = YES_AGGRESSIVE;
				GCC_WARN_UNUSED_FUNCTION = YES;
				GCC_WARN_UNUSED_VARIABLE = YES;
				IPHONEOS_DEPLOYMENT_TARGET = 9.0;
				MTL_ENABLE_DEBUG_INFO = YES;
				ONLY_ACTIVE_ARCH = YES;
				SDKROOT = iphoneos;
				SWIFT_OPTIMIZATION_LEVEL = "-Onone";
				TARGETED_DEVICE_FAMILY = "1,2";
			};
			name = Debug;
		};
		269AFA841F746BFE005F1473 /* Release */ = {
			isa = XCBuildConfiguration;
			buildSettings = {
				ALWAYS_SEARCH_USER_PATHS = NO;
				CLANG_CXX_LANGUAGE_STANDARD = "gnu++0x";
				CLANG_CXX_LIBRARY = "libc++";
				CLANG_ENABLE_MODULES = YES;
				CLANG_ENABLE_OBJC_ARC = YES;
				CLANG_WARN_BOOL_CONVERSION = YES;
				CLANG_WARN_CONSTANT_CONVERSION = YES;
				CLANG_WARN_DIRECT_OBJC_ISA_USAGE = YES_ERROR;
				CLANG_WARN_EMPTY_BODY = YES;
				CLANG_WARN_ENUM_CONVERSION = YES;
				CLANG_WARN_INT_CONVERSION = YES;
				CLANG_WARN_OBJC_ROOT_CLASS = YES_ERROR;
				CLANG_WARN_UNREACHABLE_CODE = YES;
				CLANG_WARN__DUPLICATE_METHOD_MATCH = YES;
				"CODE_SIGN_IDENTITY[sdk=iphoneos*]" = "iPhone Developer";
				COPY_PHASE_STRIP = NO;
				DEBUG_INFORMATION_FORMAT = "dwarf-with-dsym";
				ENABLE_NS_ASSERTIONS = NO;
				ENABLE_STRICT_OBJC_MSGSEND = YES;
				GCC_C_LANGUAGE_STANDARD = gnu99;
				GCC_NO_COMMON_BLOCKS = YES;
				GCC_WARN_64_TO_32_BIT_CONVERSION = YES;
				GCC_WARN_ABOUT_RETURN_TYPE = YES_ERROR;
				GCC_WARN_UNDECLARED_SELECTOR = YES;
				GCC_WARN_UNINITIALIZED_AUTOS = YES_AGGRESSIVE;
				GCC_WARN_UNUSED_FUNCTION = YES;
				GCC_WARN_UNUSED_VARIABLE = YES;
				IPHONEOS_DEPLOYMENT_TARGET = 9.0;
				MTL_ENABLE_DEBUG_INFO = NO;
				SDKROOT = iphoneos;
				TARGETED_DEVICE_FAMILY = "1,2";
				VALIDATE_PRODUCT = YES;
			};
			name = Release;
		};
		269AFA861F746BFE005F1473 /* Debug */ = {
			isa = XCBuildConfiguration;
			buildSettings = {
				ASSETCATALOG_COMPILER_APPICON_NAME = AppIcon;
				INFOPLIST_FILE = TextFields2/Info.plist;
				LD_RUNPATH_SEARCH_PATHS = "$(inherited) @executable_path/Frameworks";
				PRODUCT_BUNDLE_IDENTIFIER = Onky.TextFields2;
				PRODUCT_NAME = "$(TARGET_NAME)";
			};
			name = Debug;
		};
		269AFA871F746BFE005F1473 /* Release */ = {
			isa = XCBuildConfiguration;
			buildSettings = {
				ASSETCATALOG_COMPILER_APPICON_NAME = AppIcon;
				INFOPLIST_FILE = TextFields2/Info.plist;
				LD_RUNPATH_SEARCH_PATHS = "$(inherited) @executable_path/Frameworks";
				PRODUCT_BUNDLE_IDENTIFIER = Onky.TextFields2;
				PRODUCT_NAME = "$(TARGET_NAME)";
			};
			name = Release;
		};
/* End XCBuildConfiguration section */

/* Begin XCConfigurationList section */
		269AFA6E1F746BFC005F1473 /* Build configuration list for PBXProject "TextFields2" */ = {
			isa = XCConfigurationList;
			buildConfigurations = (
				269AFA831F746BFE005F1473 /* Debug */,
				269AFA841F746BFE005F1473 /* Release */,
			);
			defaultConfigurationIsVisible = 0;
			defaultConfigurationName = Release;
		};
		269AFA851F746BFE005F1473 /* Build configuration list for PBXNativeTarget "TextFields2" */ = {
			isa = XCConfigurationList;
			buildConfigurations = (
				269AFA861F746BFE005F1473 /* Debug */,
				269AFA871F746BFE005F1473 /* Release */,
			);
			defaultConfigurationIsVisible = 0;
		};
/* End XCConfigurationList section */
	};
	rootObject = 269AFA6B1F746BFC005F1473 /* Project object */;
}
